
Microsoft Visual Studio Solution File, Format Version 12.00
# Visual Studio 15
VisualStudioVersion = 15.0.27130.2003
MinimumVisualStudioVersion = 10.0.40219.1
Project("{9A19103F-16F7-4668-BE54-9A1E7A4F7556}") = "PlutoRover.Library", "PlutoRover.Library\PlutoRover.Library.csproj", "{55AB2AC7-E45C-41AE-B488-38B663900B83}"
EndProject
Project("{9A19103F-16F7-4668-BE54-9A1E7A4F7556}") = "PlutoRover.LibraryTests", "PlutoRover.LibraryTests\PlutoRover.LibraryTests.csproj", "{3FEE5FBF-D2AF-4638-82D0-0E4C3730137F}"
EndProject
Project("{2150E333-8FDC-42A3-9474-1A3956D46DE8}") = "Solution Items", "Solution Items", "{55033B2E-A02A-406E-BD9F-01D951916D39}"
	ProjectSection(SolutionItems) = preProject
		ReadMe.md = ReadMe.md
	EndProjectSection
EndProject
Global
	GlobalSection(SolutionConfigurationPlatforms) = preSolution
		Debug|Any CPU = Debug|Any CPU
		Release|Any CPU = Release|Any CPU
	EndGlobalSection
	GlobalSection(ProjectConfigurationPlatforms) = postSolution
		{55AB2AC7-E45C-41AE-B488-38B663900B83}.Debug|Any CPU.ActiveCfg = Debug|Any CPU
		{55AB2AC7-E45C-41AE-B488-38B663900B83}.Debug|Any CPU.Build.0 = Debug|Any CPU
		{55AB2AC7-E45C-41AE-B488-38B663900B83}.Release|Any CPU.ActiveCfg = Release|Any CPU
		{55AB2AC7-E45C-41AE-B488-38B663900B83}.Release|Any CPU.Build.0 = Release|Any CPU
		{3FEE5FBF-D2AF-4638-82D0-0E4C3730137F}.Debug|Any CPU.ActiveCfg = Debug|Any CPU
		{3FEE5FBF-D2AF-4638-82D0-0E4C3730137F}.Debug|Any CPU.Build.0 = Debug|Any CPU
		{3FEE5FBF-D2AF-4638-82D0-0E4C3730137F}.Release|Any CPU.ActiveCfg = Release|Any CPU
		{3FEE5FBF-D2AF-4638-82D0-0E4C3730137F}.Release|Any CPU.Build.0 = Release|Any CPU
	EndGlobalSection
	GlobalSection(SolutionProperties) = preSolution
		HideSolutionNode = FALSE
	EndGlobalSection
	GlobalSection(ExtensibilityGlobals) = postSolution
		SolutionGuid = {086E9156-4738-472A-A31C-3AF6FD98885C}
	EndGlobalSection
EndGlobal
